// !$*UTF8*$!
{
	archiveVersion = 1;
	classes = {
	};
	objectVersion = 48;
	objects = {

/* Begin PBXBuildFile section */
		1B322D7F201EC3D3002223B3 /* AppDelegate.swift in Sources */ = {isa = PBXBuildFile; fileRef = 1B322D7E201EC3D3002223B3 /* AppDelegate.swift */; };
		1B322D81201EC3D3002223B3 /* YourAccountViewController.swift in Sources */ = {isa = PBXBuildFile; fileRef = 1B322D80201EC3D3002223B3 /* YourAccountViewController.swift */; };
		1B322D83201EC3D3002223B3 /* OpenMatchesViewController.swift in Sources */ = {isa = PBXBuildFile; fileRef = 1B322D82201EC3D3002223B3 /* OpenMatchesViewController.swift */; };
		1B322D86201EC3D3002223B3 /* Main.storyboard in Resources */ = {isa = PBXBuildFile; fileRef = 1B322D84201EC3D3002223B3 /* Main.storyboard */; };
		1B322D88201EC3D3002223B3 /* Assets.xcassets in Resources */ = {isa = PBXBuildFile; fileRef = 1B322D87201EC3D3002223B3 /* Assets.xcassets */; };
		1B322D8B201EC3D3002223B3 /* LaunchScreen.storyboard in Resources */ = {isa = PBXBuildFile; fileRef = 1B322D89201EC3D3002223B3 /* LaunchScreen.storyboard */; };
		1B322D96201EC3D3002223B3 /* SportsMatchMobileTests.swift in Sources */ = {isa = PBXBuildFile; fileRef = 1B322D95201EC3D3002223B3 /* SportsMatchMobileTests.swift */; };
		1B322DA1201EC3D3002223B3 /* SportsMatchMobileUITests.swift in Sources */ = {isa = PBXBuildFile; fileRef = 1B322DA0201EC3D3002223B3 /* SportsMatchMobileUITests.swift */; };
		1B322DAF201EC65D002223B3 /* YourMatchesViewController.swift in Sources */ = {isa = PBXBuildFile; fileRef = 1B322DAE201EC65D002223B3 /* YourMatchesViewController.swift */; };
		1B322DB0201EC65D002223B3 /* YourMatchesViewController.swift in Sources */ = {isa = PBXBuildFile; fileRef = 1B322DAE201EC65D002223B3 /* YourMatchesViewController.swift */; };
		1B322DB1201EC65D002223B3 /* YourMatchesViewController.swift in Sources */ = {isa = PBXBuildFile; fileRef = 1B322DAE201EC65D002223B3 /* YourMatchesViewController.swift */; };
		1B322DB32021F9DD002223B3 /* CreateMatchViewController.swift in Sources */ = {isa = PBXBuildFile; fileRef = 1B322DB22021F9DD002223B3 /* CreateMatchViewController.swift */; };
		1B322DB42021F9DD002223B3 /* CreateMatchViewController.swift in Sources */ = {isa = PBXBuildFile; fileRef = 1B322DB22021F9DD002223B3 /* CreateMatchViewController.swift */; };
		1B322DB52021F9DD002223B3 /* CreateMatchViewController.swift in Sources */ = {isa = PBXBuildFile; fileRef = 1B322DB22021F9DD002223B3 /* CreateMatchViewController.swift */; };
		1B322DB72021FAC8002223B3 /* UpcomingEventsViewController.swift in Sources */ = {isa = PBXBuildFile; fileRef = 1B322DB62021FAC8002223B3 /* UpcomingEventsViewController.swift */; };
		1B322DB82021FAC8002223B3 /* UpcomingEventsViewController.swift in Sources */ = {isa = PBXBuildFile; fileRef = 1B322DB62021FAC8002223B3 /* UpcomingEventsViewController.swift */; };
		1B322DB92021FAC8002223B3 /* UpcomingEventsViewController.swift in Sources */ = {isa = PBXBuildFile; fileRef = 1B322DB62021FAC8002223B3 /* UpcomingEventsViewController.swift */; };
		1BF141162026B13E006C5D43 /* Match.swift in Sources */ = {isa = PBXBuildFile; fileRef = 1BF141152026B13E006C5D43 /* Match.swift */; };
		1BF1411820275FAC006C5D43 /* Event.swift in Sources */ = {isa = PBXBuildFile; fileRef = 1BF1411720275FAC006C5D43 /* Event.swift */; };
		1BF1411A202780A6006C5D43 /* User.swift in Sources */ = {isa = PBXBuildFile; fileRef = 1BF14119202780A6006C5D43 /* User.swift */; };
		1BF1411C2027BD01006C5D43 /* LoginViewController.swift in Sources */ = {isa = PBXBuildFile; fileRef = 1BF1411B2027BD01006C5D43 /* LoginViewController.swift */; };
/* End PBXBuildFile section */

/* Begin PBXContainerItemProxy section */
		1B322D92201EC3D3002223B3 /* PBXContainerItemProxy */ = {
			isa = PBXContainerItemProxy;
			containerPortal = 1B322D73201EC3D3002223B3 /* Project object */;
			proxyType = 1;
			remoteGlobalIDString = 1B322D7A201EC3D3002223B3;
			remoteInfo = SportsMatchMobile;
		};
		1B322D9D201EC3D3002223B3 /* PBXContainerItemProxy */ = {
			isa = PBXContainerItemProxy;
			containerPortal = 1B322D73201EC3D3002223B3 /* Project object */;
			proxyType = 1;
			remoteGlobalIDString = 1B322D7A201EC3D3002223B3;
			remoteInfo = SportsMatchMobile;
		};
/* End PBXContainerItemProxy section */

/* Begin PBXFileReference section */
		1B322D7B201EC3D3002223B3 /* SportsMatchMobile.app */ = {isa = PBXFileReference; explicitFileType = wrapper.application; includeInIndex = 0; path = SportsMatchMobile.app; sourceTree = BUILT_PRODUCTS_DIR; };
		1B322D7E201EC3D3002223B3 /* AppDelegate.swift */ = {isa = PBXFileReference; lastKnownFileType = sourcecode.swift; path = AppDelegate.swift; sourceTree = "<group>"; };
		1B322D80201EC3D3002223B3 /* YourAccountViewController.swift */ = {isa = PBXFileReference; lastKnownFileType = sourcecode.swift; path = YourAccountViewController.swift; sourceTree = "<group>"; };
		1B322D82201EC3D3002223B3 /* OpenMatchesViewController.swift */ = {isa = PBXFileReference; lastKnownFileType = sourcecode.swift; path = OpenMatchesViewController.swift; sourceTree = "<group>"; };
		1B322D85201EC3D3002223B3 /* Base */ = {isa = PBXFileReference; lastKnownFileType = file.storyboard; name = Base; path = Base.lproj/Main.storyboard; sourceTree = "<group>"; };
		1B322D87201EC3D3002223B3 /* Assets.xcassets */ = {isa = PBXFileReference; lastKnownFileType = folder.assetcatalog; path = Assets.xcassets; sourceTree = "<group>"; };
		1B322D8A201EC3D3002223B3 /* Base */ = {isa = PBXFileReference; lastKnownFileType = file.storyboard; name = Base; path = Base.lproj/LaunchScreen.storyboard; sourceTree = "<group>"; };
		1B322D8C201EC3D3002223B3 /* Info.plist */ = {isa = PBXFileReference; lastKnownFileType = text.plist.xml; path = Info.plist; sourceTree = "<group>"; };
		1B322D91201EC3D3002223B3 /* SportsMatchMobileTests.xctest */ = {isa = PBXFileReference; explicitFileType = wrapper.cfbundle; includeInIndex = 0; path = SportsMatchMobileTests.xctest; sourceTree = BUILT_PRODUCTS_DIR; };
		1B322D95201EC3D3002223B3 /* SportsMatchMobileTests.swift */ = {isa = PBXFileReference; lastKnownFileType = sourcecode.swift; path = SportsMatchMobileTests.swift; sourceTree = "<group>"; };
		1B322D97201EC3D3002223B3 /* Info.plist */ = {isa = PBXFileReference; lastKnownFileType = text.plist.xml; path = Info.plist; sourceTree = "<group>"; };
		1B322D9C201EC3D3002223B3 /* SportsMatchMobileUITests.xctest */ = {isa = PBXFileReference; explicitFileType = wrapper.cfbundle; includeInIndex = 0; path = SportsMatchMobileUITests.xctest; sourceTree = BUILT_PRODUCTS_DIR; };
		1B322DA0201EC3D3002223B3 /* SportsMatchMobileUITests.swift */ = {isa = PBXFileReference; lastKnownFileType = sourcecode.swift; path = SportsMatchMobileUITests.swift; sourceTree = "<group>"; };
		1B322DA2201EC3D3002223B3 /* Info.plist */ = {isa = PBXFileReference; lastKnownFileType = text.plist.xml; path = Info.plist; sourceTree = "<group>"; };
		1B322DAE201EC65D002223B3 /* YourMatchesViewController.swift */ = {isa = PBXFileReference; lastKnownFileType = sourcecode.swift; path = YourMatchesViewController.swift; sourceTree = "<group>"; };
		1B322DB22021F9DD002223B3 /* CreateMatchViewController.swift */ = {isa = PBXFileReference; lastKnownFileType = sourcecode.swift; path = CreateMatchViewController.swift; sourceTree = "<group>"; };
		1B322DB62021FAC8002223B3 /* UpcomingEventsViewController.swift */ = {isa = PBXFileReference; lastKnownFileType = sourcecode.swift; path = UpcomingEventsViewController.swift; sourceTree = "<group>"; };
		1BF141152026B13E006C5D43 /* Match.swift */ = {isa = PBXFileReference; lastKnownFileType = sourcecode.swift; path = Match.swift; sourceTree = "<group>"; };
		1BF1411720275FAC006C5D43 /* Event.swift */ = {isa = PBXFileReference; lastKnownFileType = sourcecode.swift; path = Event.swift; sourceTree = "<group>"; };
		1BF14119202780A6006C5D43 /* User.swift */ = {isa = PBXFileReference; lastKnownFileType = sourcecode.swift; path = User.swift; sourceTree = "<group>"; };
		1BF1411B2027BD01006C5D43 /* LoginViewController.swift */ = {isa = PBXFileReference; lastKnownFileType = sourcecode.swift; path = LoginViewController.swift; sourceTree = "<group>"; };
/* End PBXFileReference section */

/* Begin PBXFrameworksBuildPhase section */
		1B322D78201EC3D3002223B3 /* Frameworks */ = {
			isa = PBXFrameworksBuildPhase;
			buildActionMask = 2147483647;
			files = (
			);
			runOnlyForDeploymentPostprocessing = 0;
		};
		1B322D8E201EC3D3002223B3 /* Frameworks */ = {
			isa = PBXFrameworksBuildPhase;
			buildActionMask = 2147483647;
			files = (
			);
			runOnlyForDeploymentPostprocessing = 0;
		};
		1B322D99201EC3D3002223B3 /* Frameworks */ = {
			isa = PBXFrameworksBuildPhase;
			buildActionMask = 2147483647;
			files = (
			);
			runOnlyForDeploymentPostprocessing = 0;
		};
/* End PBXFrameworksBuildPhase section */

/* Begin PBXGroup section */
		1B322D72201EC3D3002223B3 = {
			isa = PBXGroup;
			children = (
				1B322D7D201EC3D3002223B3 /* SportsMatchMobile */,
				1B322D94201EC3D3002223B3 /* SportsMatchMobileTests */,
				1B322D9F201EC3D3002223B3 /* SportsMatchMobileUITests */,
				1B322D7C201EC3D3002223B3 /* Products */,
			);
			sourceTree = "<group>";
		};
		1B322D7C201EC3D3002223B3 /* Products */ = {
			isa = PBXGroup;
			children = (
				1B322D7B201EC3D3002223B3 /* SportsMatchMobile.app */,
				1B322D91201EC3D3002223B3 /* SportsMatchMobileTests.xctest */,
				1B322D9C201EC3D3002223B3 /* SportsMatchMobileUITests.xctest */,
			);
			name = Products;
			sourceTree = "<group>";
		};
		1B322D7D201EC3D3002223B3 /* SportsMatchMobile */ = {
			isa = PBXGroup;
			children = (
				1B322D7E201EC3D3002223B3 /* AppDelegate.swift */,
				1BF1411720275FAC006C5D43 /* Event.swift */,
				1BF141152026B13E006C5D43 /* Match.swift */,
				1BF14119202780A6006C5D43 /* User.swift */,
				1B322D80201EC3D3002223B3 /* YourAccountViewController.swift */,
				1B322D82201EC3D3002223B3 /* OpenMatchesViewController.swift */,
				1B322DAE201EC65D002223B3 /* YourMatchesViewController.swift */,
				1B322DB22021F9DD002223B3 /* CreateMatchViewController.swift */,
				1B322DB62021FAC8002223B3 /* UpcomingEventsViewController.swift */,
				1BF1411B2027BD01006C5D43 /* LoginViewController.swift */,
				1B322D84201EC3D3002223B3 /* Main.storyboard */,
				1B322D87201EC3D3002223B3 /* Assets.xcassets */,
				1B322D89201EC3D3002223B3 /* LaunchScreen.storyboard */,
				1B322D8C201EC3D3002223B3 /* Info.plist */,
			);
			path = SportsMatchMobile;
			sourceTree = "<group>";
		};
		1B322D94201EC3D3002223B3 /* SportsMatchMobileTests */ = {
			isa = PBXGroup;
			children = (
				1B322D95201EC3D3002223B3 /* SportsMatchMobileTests.swift */,
				1B322D97201EC3D3002223B3 /* Info.plist */,
			);
			path = SportsMatchMobileTests;
			sourceTree = "<group>";
		};
		1B322D9F201EC3D3002223B3 /* SportsMatchMobileUITests */ = {
			isa = PBXGroup;
			children = (
				1B322DA0201EC3D3002223B3 /* SportsMatchMobileUITests.swift */,
				1B322DA2201EC3D3002223B3 /* Info.plist */,
			);
			path = SportsMatchMobileUITests;
			sourceTree = "<group>";
		};
/* End PBXGroup section */

/* Begin PBXNativeTarget section */
		1B322D7A201EC3D3002223B3 /* SportsMatchMobile */ = {
			isa = PBXNativeTarget;
			buildConfigurationList = 1B322DA5201EC3D3002223B3 /* Build configuration list for PBXNativeTarget "SportsMatchMobile" */;
			buildPhases = (
				1B322D77201EC3D3002223B3 /* Sources */,
				1B322D78201EC3D3002223B3 /* Frameworks */,
				1B322D79201EC3D3002223B3 /* Resources */,
			);
			buildRules = (
			);
			dependencies = (
			);
			name = SportsMatchMobile;
			productName = SportsMatchMobile;
			productReference = 1B322D7B201EC3D3002223B3 /* SportsMatchMobile.app */;
			productType = "com.apple.product-type.application";
		};
		1B322D90201EC3D3002223B3 /* SportsMatchMobileTests */ = {
			isa = PBXNativeTarget;
			buildConfigurationList = 1B322DA8201EC3D3002223B3 /* Build configuration list for PBXNativeTarget "SportsMatchMobileTests" */;
			buildPhases = (
				1B322D8D201EC3D3002223B3 /* Sources */,
				1B322D8E201EC3D3002223B3 /* Frameworks */,
				1B322D8F201EC3D3002223B3 /* Resources */,
			);
			buildRules = (
			);
			dependencies = (
				1B322D93201EC3D3002223B3 /* PBXTargetDependency */,
			);
			name = SportsMatchMobileTests;
			productName = SportsMatchMobileTests;
			productReference = 1B322D91201EC3D3002223B3 /* SportsMatchMobileTests.xctest */;
			productType = "com.apple.product-type.bundle.unit-test";
		};
		1B322D9B201EC3D3002223B3 /* SportsMatchMobileUITests */ = {
			isa = PBXNativeTarget;
			buildConfigurationList = 1B322DAB201EC3D3002223B3 /* Build configuration list for PBXNativeTarget "SportsMatchMobileUITests" */;
			buildPhases = (
				1B322D98201EC3D3002223B3 /* Sources */,
				1B322D99201EC3D3002223B3 /* Frameworks */,
				1B322D9A201EC3D3002223B3 /* Resources */,
			);
			buildRules = (
			);
			dependencies = (
				1B322D9E201EC3D3002223B3 /* PBXTargetDependency */,
			);
			name = SportsMatchMobileUITests;
			productName = SportsMatchMobileUITests;
			productReference = 1B322D9C201EC3D3002223B3 /* SportsMatchMobileUITests.xctest */;
			productType = "com.apple.product-type.bundle.ui-testing";
		};
/* End PBXNativeTarget section */

/* Begin PBXProject section */
		1B322D73201EC3D3002223B3 /* Project object */ = {
			isa = PBXProject;
			attributes = {
				LastSwiftUpdateCheck = 0920;
				LastUpgradeCheck = 0920;
				ORGANIZATIONNAME = "Nady Analytics, LLC";
				TargetAttributes = {
					1B322D7A201EC3D3002223B3 = {
						CreatedOnToolsVersion = 9.2;
						ProvisioningStyle = Automatic;
					};
					1B322D90201EC3D3002223B3 = {
						CreatedOnToolsVersion = 9.2;
						ProvisioningStyle = Automatic;
						TestTargetID = 1B322D7A201EC3D3002223B3;
					};
					1B322D9B201EC3D3002223B3 = {
						CreatedOnToolsVersion = 9.2;
						ProvisioningStyle = Automatic;
						TestTargetID = 1B322D7A201EC3D3002223B3;
					};
				};
			};
			buildConfigurationList = 1B322D76201EC3D3002223B3 /* Build configuration list for PBXProject "SportsMatchMobile" */;
			compatibilityVersion = "Xcode 8.0";
			developmentRegion = en;
			hasScannedForEncodings = 0;
			knownRegions = (
				en,
				Base,
			);
			mainGroup = 1B322D72201EC3D3002223B3;
			productRefGroup = 1B322D7C201EC3D3002223B3 /* Products */;
			projectDirPath = "";
			projectRoot = "";
			targets = (
				1B322D7A201EC3D3002223B3 /* SportsMatchMobile */,
				1B322D90201EC3D3002223B3 /* SportsMatchMobileTests */,
				1B322D9B201EC3D3002223B3 /* SportsMatchMobileUITests */,
			);
		};
/* End PBXProject section */

/* Begin PBXResourcesBuildPhase section */
		1B322D79201EC3D3002223B3 /* Resources */ = {
			isa = PBXResourcesBuildPhase;
			buildActionMask = 2147483647;
			files = (
				1B322D8B201EC3D3002223B3 /* LaunchScreen.storyboard in Resources */,
				1B322D88201EC3D3002223B3 /* Assets.xcassets in Resources */,
				1B322D86201EC3D3002223B3 /* Main.storyboard in Resources */,
			);
			runOnlyForDeploymentPostprocessing = 0;
		};
		1B322D8F201EC3D3002223B3 /* Resources */ = {
			isa = PBXResourcesBuildPhase;
			buildActionMask = 2147483647;
			files = (
			);
			runOnlyForDeploymentPostprocessing = 0;
		};
		1B322D9A201EC3D3002223B3 /* Resources */ = {
			isa = PBXResourcesBuildPhase;
			buildActionMask = 2147483647;
			files = (
			);
			runOnlyForDeploymentPostprocessing = 0;
		};
/* End PBXResourcesBuildPhase section */

/* Begin PBXSourcesBuildPhase section */
		1B322D77201EC3D3002223B3 /* Sources */ = {
			isa = PBXSourcesBuildPhase;
			buildActionMask = 2147483647;
			files = (
				1BF1411820275FAC006C5D43 /* Event.swift in Sources */,
				1B322DB32021F9DD002223B3 /* CreateMatchViewController.swift in Sources */,
				1B322DB72021FAC8002223B3 /* UpcomingEventsViewController.swift in Sources */,
				1B322D83201EC3D3002223B3 /* OpenMatchesViewController.swift in Sources */,
				1B322D7F201EC3D3002223B3 /* AppDelegate.swift in Sources */,
				1BF1411A202780A6006C5D43 /* User.swift in Sources */,
				1B322DAF201EC65D002223B3 /* YourMatchesViewController.swift in Sources */,
				1B322D81201EC3D3002223B3 /* YourAccountViewController.swift in Sources */,
				1BF1411C2027BD01006C5D43 /* LoginViewController.swift in Sources */,
				1BF141162026B13E006C5D43 /* Match.swift in Sources */,
			);
			runOnlyForDeploymentPostprocessing = 0;
		};
		1B322D8D201EC3D3002223B3 /* Sources */ = {
			isa = PBXSourcesBuildPhase;
			buildActionMask = 2147483647;
			files = (
				1B322DB0201EC65D002223B3 /* YourMatchesViewController.swift in Sources */,
				1B322D96201EC3D3002223B3 /* SportsMatchMobileTests.swift in Sources */,
				1B322DB42021F9DD002223B3 /* CreateMatchViewController.swift in Sources */,
				1B322DB82021FAC8002223B3 /* UpcomingEventsViewController.swift in Sources */,
			);
			runOnlyForDeploymentPostprocessing = 0;
		};
		1B322D98201EC3D3002223B3 /* Sources */ = {
			isa = PBXSourcesBuildPhase;
			buildActionMask = 2147483647;
			files = (
				1B322DB1201EC65D002223B3 /* YourMatchesViewController.swift in Sources */,
				1B322DA1201EC3D3002223B3 /* SportsMatchMobileUITests.swift in Sources */,
				1B322DB52021F9DD002223B3 /* CreateMatchViewController.swift in Sources */,
				1B322DB92021FAC8002223B3 /* UpcomingEventsViewController.swift in Sources */,
			);
			runOnlyForDeploymentPostprocessing = 0;
		};
/* End PBXSourcesBuildPhase section */

/* Begin PBXTargetDependency section */
		1B322D93201EC3D3002223B3 /* PBXTargetDependency */ = {
			isa = PBXTargetDependency;
			target = 1B322D7A201EC3D3002223B3 /* SportsMatchMobile */;
			targetProxy = 1B322D92201EC3D3002223B3 /* PBXContainerItemProxy */;
		};
		1B322D9E201EC3D3002223B3 /* PBXTargetDependency */ = {
			isa = PBXTargetDependency;
			target = 1B322D7A201EC3D3002223B3 /* SportsMatchMobile */;
			targetProxy = 1B322D9D201EC3D3002223B3 /* PBXContainerItemProxy */;
		};
/* End PBXTargetDependency section */

/* Begin PBXVariantGroup section */
		1B322D84201EC3D3002223B3 /* Main.storyboard */ = {
			isa = PBXVariantGroup;
			children = (
				1B322D85201EC3D3002223B3 /* Base */,
			);
			name = Main.storyboard;
			sourceTree = "<group>";
		};
		1B322D89201EC3D3002223B3 /* LaunchScreen.storyboard */ = {
			isa = PBXVariantGroup;
			children = (
				1B322D8A201EC3D3002223B3 /* Base */,
			);
			name = LaunchScreen.storyboard;
			sourceTree = "<group>";
		};
/* End PBXVariantGroup section */

/* Begin XCBuildConfiguration section */
		1B322DA3201EC3D3002223B3 /* Debug */ = {
			isa = XCBuildConfiguration;
			buildSettings = {
				ALWAYS_SEARCH_USER_PATHS = NO;
				CLANG_ANALYZER_NONNULL = YES;
				CLANG_ANALYZER_NUMBER_OBJECT_CONVERSION = YES_AGGRESSIVE;
				CLANG_CXX_LANGUAGE_STANDARD = "gnu++14";
				CLANG_CXX_LIBRARY = "libc++";
				CLANG_ENABLE_MODULES = YES;
				CLANG_ENABLE_OBJC_ARC = YES;
				CLANG_WARN_BLOCK_CAPTURE_AUTORELEASING = YES;
				CLANG_WARN_BOOL_CONVERSION = YES;
				CLANG_WARN_COMMA = YES;
				CLANG_WARN_CONSTANT_CONVERSION = YES;
				CLANG_WARN_DIRECT_OBJC_ISA_USAGE = YES_ERROR;
				CLANG_WARN_DOCUMENTATION_COMMENTS = YES;
				CLANG_WARN_EMPTY_BODY = YES;
				CLANG_WARN_ENUM_CONVERSION = YES;
				CLANG_WARN_INFINITE_RECURSION = YES;
				CLANG_WARN_INT_CONVERSION = YES;
				CLANG_WARN_NON_LITERAL_NULL_CONVERSION = YES;
				CLANG_WARN_OBJC_LITERAL_CONVERSION = YES;
				CLANG_WARN_OBJC_ROOT_CLASS = YES_ERROR;
				CLANG_WARN_RANGE_LOOP_ANALYSIS = YES;
				CLANG_WARN_STRICT_PROTOTYPES = YES;
				CLANG_WARN_SUSPICIOUS_MOVE = YES;
				CLANG_WARN_UNGUARDED_AVAILABILITY = YES_AGGRESSIVE;
				CLANG_WARN_UNREACHABLE_CODE = YES;
				CLANG_WARN__DUPLICATE_METHOD_MATCH = YES;
				CODE_SIGN_IDENTITY = "iPhone Developer";
				COPY_PHASE_STRIP = NO;
				DEBUG_INFORMATION_FORMAT = dwarf;
				ENABLE_STRICT_OBJC_MSGSEND = YES;
				ENABLE_TESTABILITY = YES;
				GCC_C_LANGUAGE_STANDARD = gnu11;
				GCC_DYNAMIC_NO_PIC = NO;
				GCC_NO_COMMON_BLOCKS = YES;
				GCC_OPTIMIZATION_LEVEL = 0;
				GCC_PREPROCESSOR_DEFINITIONS = (
					"DEBUG=1",
					"$(inherited)",
				);
				GCC_WARN_64_TO_32_BIT_CONVERSION = YES;
				GCC_WARN_ABOUT_RETURN_TYPE = YES_ERROR;
				GCC_WARN_UNDECLARED_SELECTOR = YES;
				GCC_WARN_UNINITIALIZED_AUTOS = YES_AGGRESSIVE;
				GCC_WARN_UNUSED_FUNCTION = YES;
				GCC_WARN_UNUSED_VARIABLE = YES;
				IPHONEOS_DEPLOYMENT_TARGET = 11.2;
				MTL_ENABLE_DEBUG_INFO = YES;
				ONLY_ACTIVE_ARCH = YES;
				SDKROOT = iphoneos;
				SWIFT_ACTIVE_COMPILATION_CONDITIONS = DEBUG;
				SWIFT_OPTIMIZATION_LEVEL = "-Onone";
			};
			name = Debug;
		};
		1B322DA4201EC3D3002223B3 /* Release */ = {
			isa = XCBuildConfiguration;
			buildSettings = {
				ALWAYS_SEARCH_USER_PATHS = NO;
				CLANG_ANALYZER_NONNULL = YES;
				CLANG_ANALYZER_NUMBER_OBJECT_CONVERSION = YES_AGGRESSIVE;
				CLANG_CXX_LANGUAGE_STANDARD = "gnu++14";
				CLANG_CXX_LIBRARY = "libc++";
				CLANG_ENABLE_MODULES = YES;
				CLANG_ENABLE_OBJC_ARC = YES;
				CLANG_WARN_BLOCK_CAPTURE_AUTORELEASING = YES;
				CLANG_WARN_BOOL_CONVERSION = YES;
				CLANG_WARN_COMMA = YES;
				CLANG_WARN_CONSTANT_CONVERSION = YES;
				CLANG_WARN_DIRECT_OBJC_ISA_USAGE = YES_ERROR;
				CLANG_WARN_DOCUMENTATION_COMMENTS = YES;
				CLANG_WARN_EMPTY_BODY = YES;
				CLANG_WARN_ENUM_CONVERSION = YES;
				CLANG_WARN_INFINITE_RECURSION = YES;
				CLANG_WARN_INT_CONVERSION = YES;
				CLANG_WARN_NON_LITERAL_NULL_CONVERSION = YES;
				CLANG_WARN_OBJC_LITERAL_CONVERSION = YES;
				CLANG_WARN_OBJC_ROOT_CLASS = YES_ERROR;
				CLANG_WARN_RANGE_LOOP_ANALYSIS = YES;
				CLANG_WARN_STRICT_PROTOTYPES = YES;
				CLANG_WARN_SUSPICIOUS_MOVE = YES;
				CLANG_WARN_UNGUARDED_AVAILABILITY = YES_AGGRESSIVE;
				CLANG_WARN_UNREACHABLE_CODE = YES;
				CLANG_WARN__DUPLICATE_METHOD_MATCH = YES;
				CODE_SIGN_IDENTITY = "iPhone Developer";
				COPY_PHASE_STRIP = NO;
				DEBUG_INFORMATION_FORMAT = "dwarf-with-dsym";
				ENABLE_NS_ASSERTIONS = NO;
				ENABLE_STRICT_OBJC_MSGSEND = YES;
				GCC_C_LANGUAGE_STANDARD = gnu11;
				GCC_NO_COMMON_BLOCKS = YES;
				GCC_WARN_64_TO_32_BIT_CONVERSION = YES;
				GCC_WARN_ABOUT_RETURN_TYPE = YES_ERROR;
				GCC_WARN_UNDECLARED_SELECTOR = YES;
				GCC_WARN_UNINITIALIZED_AUTOS = YES_AGGRESSIVE;
				GCC_WARN_UNUSED_FUNCTION = YES;
				GCC_WARN_UNUSED_VARIABLE = YES;
				IPHONEOS_DEPLOYMENT_TARGET = 11.2;
				MTL_ENABLE_DEBUG_INFO = NO;
				SDKROOT = iphoneos;
				SWIFT_OPTIMIZATION_LEVEL = "-Owholemodule";
				VALIDATE_PRODUCT = YES;
			};
			name = Release;
		};
		1B322DA6201EC3D3002223B3 /* Debug */ = {
			isa = XCBuildConfiguration;
			buildSettings = {
				ASSETCATALOG_COMPILER_APPICON_NAME = AppIcon;
				CODE_SIGN_STYLE = Automatic;
				DEVELOPMENT_TEAM = FRPZD6LCCE;
				INFOPLIST_FILE = SportsMatchMobile/Info.plist;
				LD_RUNPATH_SEARCH_PATHS = "$(inherited) @executable_path/Frameworks";
				PRODUCT_BUNDLE_IDENTIFIER = "com.Nady-Analytics.SportsMatchMobile";
				PRODUCT_NAME = "$(TARGET_NAME)";
				SWIFT_VERSION = 4.0;
				TARGETED_DEVICE_FAMILY = "1,2";
			};
			name = Debug;
		};
		1B322DA7201EC3D3002223B3 /* Release */ = {
			isa = XCBuildConfiguration;
			buildSettings = {
				ASSETCATALOG_COMPILER_APPICON_NAME = AppIcon;
				CODE_SIGN_STYLE = Automatic;
				DEVELOPMENT_TEAM = FRPZD6LCCE;
				INFOPLIST_FILE = SportsMatchMobile/Info.plist;
				LD_RUNPATH_SEARCH_PATHS = "$(inherited) @executable_path/Frameworks";
				PRODUCT_BUNDLE_IDENTIFIER = "com.Nady-Analytics.SportsMatchMobile";
				PRODUCT_NAME = "$(TARGET_NAME)";
				SWIFT_VERSION = 4.0;
				TARGETED_DEVICE_FAMILY = "1,2";
			};
			name = Release;
		};
		1B322DA9201EC3D3002223B3 /* Debug */ = {
			isa = XCBuildConfiguration;
			buildSettings = {
				ALWAYS_EMBED_SWIFT_STANDARD_LIBRARIES = YES;
				BUNDLE_LOADER = "$(TEST_HOST)";
				CODE_SIGN_STYLE = Automatic;
				DEVELOPMENT_TEAM = FRPZD6LCCE;
				INFOPLIST_FILE = SportsMatchMobileTests/Info.plist;
				LD_RUNPATH_SEARCH_PATHS = "$(inherited) @executable_path/Frameworks @loader_path/Frameworks";
				PRODUCT_BUNDLE_IDENTIFIER = "com.Nady-Analytics.SportsMatchMobileTests";
				PRODUCT_NAME = "$(TARGET_NAME)";
				SWIFT_VERSION = 4.0;
				TARGETED_DEVICE_FAMILY = "1,2";
				TEST_HOST = "$(BUILT_PRODUCTS_DIR)/SportsMatchMobile.app/SportsMatchMobile";
			};
			name = Debug;
		};
		1B322DAA201EC3D3002223B3 /* Release */ = {
			isa = XCBuildConfiguration;
			buildSettings = {
				ALWAYS_EMBED_SWIFT_STANDARD_LIBRARIES = YES;
				BUNDLE_LOADER = "$(TEST_HOST)";
				CODE_SIGN_STYLE = Automatic;
				DEVELOPMENT_TEAM = FRPZD6LCCE;
				INFOPLIST_FILE = SportsMatchMobileTests/Info.plist;
				LD_RUNPATH_SEARCH_PATHS = "$(inherited) @executable_path/Frameworks @loader_path/Frameworks";
				PRODUCT_BUNDLE_IDENTIFIER = "com.Nady-Analytics.SportsMatchMobileTests";
				PRODUCT_NAME = "$(TARGET_NAME)";
				SWIFT_VERSION = 4.0;
				TARGETED_DEVICE_FAMILY = "1,2";
				TEST_HOST = "$(BUILT_PRODUCTS_DIR)/SportsMatchMobile.app/SportsMatchMobile";
			};
			name = Release;
		};
		1B322DAC201EC3D3002223B3 /* Debug */ = {
			isa = XCBuildConfiguration;
			buildSettings = {
				ALWAYS_EMBED_SWIFT_STANDARD_LIBRARIES = YES;
				CODE_SIGN_STYLE = Automatic;
				DEVELOPMENT_TEAM = FRPZD6LCCE;
				INFOPLIST_FILE = SportsMatchMobileUITests/Info.plist;
				LD_RUNPATH_SEARCH_PATHS = "$(inherited) @executable_path/Frameworks @loader_path/Frameworks";
				PRODUCT_BUNDLE_IDENTIFIER = "com.Nady-Analytics.SportsMatchMobileUITests";
				PRODUCT_NAME = "$(TARGET_NAME)";
				SWIFT_VERSION = 4.0;
				TARGETED_DEVICE_FAMILY = "1,2";
				TEST_TARGET_NAME = SportsMatchMobile;
			};
			name = Debug;
		};
		1B322DAD201EC3D3002223B3 /* Release */ = {
			isa = XCBuildConfiguration;
			buildSettings = {
				ALWAYS_EMBED_SWIFT_STANDARD_LIBRARIES = YES;
				CODE_SIGN_STYLE = Automatic;
				DEVELOPMENT_TEAM = FRPZD6LCCE;
				INFOPLIST_FILE = SportsMatchMobileUITests/Info.plist;
				LD_RUNPATH_SEARCH_PATHS = "$(inherited) @executable_path/Frameworks @loader_path/Frameworks";
				PRODUCT_BUNDLE_IDENTIFIER = "com.Nady-Analytics.SportsMatchMobileUITests";
				PRODUCT_NAME = "$(TARGET_NAME)";
				SWIFT_VERSION = 4.0;
				TARGETED_DEVICE_FAMILY = "1,2";
				TEST_TARGET_NAME = SportsMatchMobile;
			};
			name = Release;
		};
/* End XCBuildConfiguration section */

/* Begin XCConfigurationList section */
		1B322D76201EC3D3002223B3 /* Build configuration list for PBXProject "SportsMatchMobile" */ = {
			isa = XCConfigurationList;
			buildConfigurations = (
				1B322DA3201EC3D3002223B3 /* Debug */,
				1B322DA4201EC3D3002223B3 /* Release */,
			);
			defaultConfigurationIsVisible = 0;
			defaultConfigurationName = Release;
		};
		1B322DA5201EC3D3002223B3 /* Build configuration list for PBXNativeTarget "SportsMatchMobile" */ = {
			isa = XCConfigurationList;
			buildConfigurations = (
				1B322DA6201EC3D3002223B3 /* Debug */,
				1B322DA7201EC3D3002223B3 /* Release */,
			);
			defaultConfigurationIsVisible = 0;
			defaultConfigurationName = Release;
		};
		1B322DA8201EC3D3002223B3 /* Build configuration list for PBXNativeTarget "SportsMatchMobileTests" */ = {
			isa = XCConfigurationList;
			buildConfigurations = (
				1B322DA9201EC3D3002223B3 /* Debug */,
				1B322DAA201EC3D3002223B3 /* Release */,
			);
			defaultConfigurationIsVisible = 0;
			defaultConfigurationName = Release;
		};
		1B322DAB201EC3D3002223B3 /* Build configuration list for PBXNativeTarget "SportsMatchMobileUITests" */ = {
			isa = XCConfigurationList;
			buildConfigurations = (
				1B322DAC201EC3D3002223B3 /* Debug */,
				1B322DAD201EC3D3002223B3 /* Release */,
			);
			defaultConfigurationIsVisible = 0;
			defaultConfigurationName = Release;
		};
/* End XCConfigurationList section */
	};
	rootObject = 1B322D73201EC3D3002223B3 /* Project object */;
}
