// !$*UTF8*$!
{
	archiveVersion = 1;
	classes = {
	};
	objectVersion = 48;
	objects = {

/* Begin PBXBuildFile section */
		1BAC98C32033E2F80059D2C7 /* AppDelegate.swift in Sources */ = {isa = PBXBuildFile; fileRef = 1BAC98C22033E2F80059D2C7 /* AppDelegate.swift */; };
		1BAC98C52033E2F80059D2C7 /* AllTrailsViewController.swift in Sources */ = {isa = PBXBuildFile; fileRef = 1BAC98C42033E2F80059D2C7 /* AllTrailsViewController.swift */; };
		1BAC98C72033E2F80059D2C7 /* AddicksViewController.swift in Sources */ = {isa = PBXBuildFile; fileRef = 1BAC98C62033E2F80059D2C7 /* AddicksViewController.swift */; };
		1BAC98CA2033E2F80059D2C7 /* Main.storyboard in Resources */ = {isa = PBXBuildFile; fileRef = 1BAC98C82033E2F80059D2C7 /* Main.storyboard */; };
		1BAC98CC2033E2F80059D2C7 /* Assets.xcassets in Resources */ = {isa = PBXBuildFile; fileRef = 1BAC98CB2033E2F80059D2C7 /* Assets.xcassets */; };
		1BAC98CF2033E2F80059D2C7 /* LaunchScreen.storyboard in Resources */ = {isa = PBXBuildFile; fileRef = 1BAC98CD2033E2F80059D2C7 /* LaunchScreen.storyboard */; };
		1BAC98DA2033E2F80059D2C7 /* KatyHikingTrailsTests.swift in Sources */ = {isa = PBXBuildFile; fileRef = 1BAC98D92033E2F80059D2C7 /* KatyHikingTrailsTests.swift */; };
		1BAC98E52033E2F80059D2C7 /* KatyHikingTrailsUITests.swift in Sources */ = {isa = PBXBuildFile; fileRef = 1BAC98E42033E2F80059D2C7 /* KatyHikingTrailsUITests.swift */; };
		1BAC98F32033EB9D0059D2C7 /* BarkerViewController.swift in Sources */ = {isa = PBXBuildFile; fileRef = 1BAC98F22033EB9D0059D2C7 /* BarkerViewController.swift */; };
		1BAC98F42033EB9D0059D2C7 /* BarkerViewController.swift in Sources */ = {isa = PBXBuildFile; fileRef = 1BAC98F22033EB9D0059D2C7 /* BarkerViewController.swift */; };
		1BAC98F52033EB9D0059D2C7 /* BarkerViewController.swift in Sources */ = {isa = PBXBuildFile; fileRef = 1BAC98F22033EB9D0059D2C7 /* BarkerViewController.swift */; };
		1BAC98F7203511420059D2C7 /* TrailTableViewCell.swift in Sources */ = {isa = PBXBuildFile; fileRef = 1BAC98F6203511420059D2C7 /* TrailTableViewCell.swift */; };
		1BAC98F8203511420059D2C7 /* TrailTableViewCell.swift in Sources */ = {isa = PBXBuildFile; fileRef = 1BAC98F6203511420059D2C7 /* TrailTableViewCell.swift */; };
		1BAC98F9203511420059D2C7 /* TrailTableViewCell.swift in Sources */ = {isa = PBXBuildFile; fileRef = 1BAC98F6203511420059D2C7 /* TrailTableViewCell.swift */; };
		1BAC98FB203713250059D2C7 /* TrailDetailViewController.swift in Sources */ = {isa = PBXBuildFile; fileRef = 1BAC98FA203713250059D2C7 /* TrailDetailViewController.swift */; };
		1BAC98FC203713250059D2C7 /* TrailDetailViewController.swift in Sources */ = {isa = PBXBuildFile; fileRef = 1BAC98FA203713250059D2C7 /* TrailDetailViewController.swift */; };
		1BAC98FD203713250059D2C7 /* TrailDetailViewController.swift in Sources */ = {isa = PBXBuildFile; fileRef = 1BAC98FA203713250059D2C7 /* TrailDetailViewController.swift */; };
/* End PBXBuildFile section */

/* Begin PBXContainerItemProxy section */
		1BAC98D62033E2F80059D2C7 /* PBXContainerItemProxy */ = {
			isa = PBXContainerItemProxy;
			containerPortal = 1BAC98B72033E2F80059D2C7 /* Project object */;
			proxyType = 1;
			remoteGlobalIDString = 1BAC98BE2033E2F80059D2C7;
			remoteInfo = KatyHikingTrails;
		};
		1BAC98E12033E2F80059D2C7 /* PBXContainerItemProxy */ = {
			isa = PBXContainerItemProxy;
			containerPortal = 1BAC98B72033E2F80059D2C7 /* Project object */;
			proxyType = 1;
			remoteGlobalIDString = 1BAC98BE2033E2F80059D2C7;
			remoteInfo = KatyHikingTrails;
		};
/* End PBXContainerItemProxy section */

/* Begin PBXFileReference section */
		1BAC98BF2033E2F80059D2C7 /* KatyHikingTrails.app */ = {isa = PBXFileReference; explicitFileType = wrapper.application; includeInIndex = 0; path = KatyHikingTrails.app; sourceTree = BUILT_PRODUCTS_DIR; };
		1BAC98C22033E2F80059D2C7 /* AppDelegate.swift */ = {isa = PBXFileReference; lastKnownFileType = sourcecode.swift; path = AppDelegate.swift; sourceTree = "<group>"; };
		1BAC98C42033E2F80059D2C7 /* AllTrailsViewController.swift */ = {isa = PBXFileReference; lastKnownFileType = sourcecode.swift; path = AllTrailsViewController.swift; sourceTree = "<group>"; };
		1BAC98C62033E2F80059D2C7 /* AddicksViewController.swift */ = {isa = PBXFileReference; lastKnownFileType = sourcecode.swift; path = AddicksViewController.swift; sourceTree = "<group>"; };
		1BAC98C92033E2F80059D2C7 /* Base */ = {isa = PBXFileReference; lastKnownFileType = file.storyboard; name = Base; path = Base.lproj/Main.storyboard; sourceTree = "<group>"; };
		1BAC98CB2033E2F80059D2C7 /* Assets.xcassets */ = {isa = PBXFileReference; lastKnownFileType = folder.assetcatalog; path = Assets.xcassets; sourceTree = "<group>"; };
		1BAC98CE2033E2F80059D2C7 /* Base */ = {isa = PBXFileReference; lastKnownFileType = file.storyboard; name = Base; path = Base.lproj/LaunchScreen.storyboard; sourceTree = "<group>"; };
		1BAC98D02033E2F80059D2C7 /* Info.plist */ = {isa = PBXFileReference; lastKnownFileType = text.plist.xml; path = Info.plist; sourceTree = "<group>"; };
		1BAC98D52033E2F80059D2C7 /* KatyHikingTrailsTests.xctest */ = {isa = PBXFileReference; explicitFileType = wrapper.cfbundle; includeInIndex = 0; path = KatyHikingTrailsTests.xctest; sourceTree = BUILT_PRODUCTS_DIR; };
		1BAC98D92033E2F80059D2C7 /* KatyHikingTrailsTests.swift */ = {isa = PBXFileReference; lastKnownFileType = sourcecode.swift; path = KatyHikingTrailsTests.swift; sourceTree = "<group>"; };
		1BAC98DB2033E2F80059D2C7 /* Info.plist */ = {isa = PBXFileReference; lastKnownFileType = text.plist.xml; path = Info.plist; sourceTree = "<group>"; };
		1BAC98E02033E2F80059D2C7 /* KatyHikingTrailsUITests.xctest */ = {isa = PBXFileReference; explicitFileType = wrapper.cfbundle; includeInIndex = 0; path = KatyHikingTrailsUITests.xctest; sourceTree = BUILT_PRODUCTS_DIR; };
		1BAC98E42033E2F80059D2C7 /* KatyHikingTrailsUITests.swift */ = {isa = PBXFileReference; lastKnownFileType = sourcecode.swift; path = KatyHikingTrailsUITests.swift; sourceTree = "<group>"; };
		1BAC98E62033E2F80059D2C7 /* Info.plist */ = {isa = PBXFileReference; lastKnownFileType = text.plist.xml; path = Info.plist; sourceTree = "<group>"; };
		1BAC98F22033EB9D0059D2C7 /* BarkerViewController.swift */ = {isa = PBXFileReference; lastKnownFileType = sourcecode.swift; path = BarkerViewController.swift; sourceTree = "<group>"; };
		1BAC98F6203511420059D2C7 /* TrailTableViewCell.swift */ = {isa = PBXFileReference; lastKnownFileType = sourcecode.swift; path = TrailTableViewCell.swift; sourceTree = "<group>"; };
		1BAC98FA203713250059D2C7 /* TrailDetailViewController.swift */ = {isa = PBXFileReference; lastKnownFileType = sourcecode.swift; path = TrailDetailViewController.swift; sourceTree = "<group>"; };
/* End PBXFileReference section */

/* Begin PBXFrameworksBuildPhase section */
		1BAC98BC2033E2F80059D2C7 /* Frameworks */ = {
			isa = PBXFrameworksBuildPhase;
			buildActionMask = 2147483647;
			files = (
			);
			runOnlyForDeploymentPostprocessing = 0;
		};
		1BAC98D22033E2F80059D2C7 /* Frameworks */ = {
			isa = PBXFrameworksBuildPhase;
			buildActionMask = 2147483647;
			files = (
			);
			runOnlyForDeploymentPostprocessing = 0;
		};
		1BAC98DD2033E2F80059D2C7 /* Frameworks */ = {
			isa = PBXFrameworksBuildPhase;
			buildActionMask = 2147483647;
			files = (
			);
			runOnlyForDeploymentPostprocessing = 0;
		};
/* End PBXFrameworksBuildPhase section */

/* Begin PBXGroup section */
		1BAC98B62033E2F80059D2C7 = {
			isa = PBXGroup;
			children = (
				1BAC98C12033E2F80059D2C7 /* KatyHikingTrails */,
				1BAC98D82033E2F80059D2C7 /* KatyHikingTrailsTests */,
				1BAC98E32033E2F80059D2C7 /* KatyHikingTrailsUITests */,
				1BAC98C02033E2F80059D2C7 /* Products */,
			);
			sourceTree = "<group>";
		};
		1BAC98C02033E2F80059D2C7 /* Products */ = {
			isa = PBXGroup;
			children = (
				1BAC98BF2033E2F80059D2C7 /* KatyHikingTrails.app */,
				1BAC98D52033E2F80059D2C7 /* KatyHikingTrailsTests.xctest */,
				1BAC98E02033E2F80059D2C7 /* KatyHikingTrailsUITests.xctest */,
			);
			name = Products;
			sourceTree = "<group>";
		};
		1BAC98C12033E2F80059D2C7 /* KatyHikingTrails */ = {
			isa = PBXGroup;
			children = (
				1BAC98C22033E2F80059D2C7 /* AppDelegate.swift */,
				1BAC98C42033E2F80059D2C7 /* AllTrailsViewController.swift */,
				1BAC98C62033E2F80059D2C7 /* AddicksViewController.swift */,
				1BAC98F22033EB9D0059D2C7 /* BarkerViewController.swift */,
				1BAC98C82033E2F80059D2C7 /* Main.storyboard */,
				1BAC98FA203713250059D2C7 /* TrailDetailViewController.swift */,
				1BAC98F6203511420059D2C7 /* TrailTableViewCell.swift */,
				1BAC98CB2033E2F80059D2C7 /* Assets.xcassets */,
				1BAC98CD2033E2F80059D2C7 /* LaunchScreen.storyboard */,
				1BAC98D02033E2F80059D2C7 /* Info.plist */,
			);
			path = KatyHikingTrails;
			sourceTree = "<group>";
		};
		1BAC98D82033E2F80059D2C7 /* KatyHikingTrailsTests */ = {
			isa = PBXGroup;
			children = (
				1BAC98D92033E2F80059D2C7 /* KatyHikingTrailsTests.swift */,
				1BAC98DB2033E2F80059D2C7 /* Info.plist */,
			);
			path = KatyHikingTrailsTests;
			sourceTree = "<group>";
		};
		1BAC98E32033E2F80059D2C7 /* KatyHikingTrailsUITests */ = {
			isa = PBXGroup;
			children = (
				1BAC98E42033E2F80059D2C7 /* KatyHikingTrailsUITests.swift */,
				1BAC98E62033E2F80059D2C7 /* Info.plist */,
			);
			path = KatyHikingTrailsUITests;
			sourceTree = "<group>";
		};
/* End PBXGroup section */

/* Begin PBXNativeTarget section */
		1BAC98BE2033E2F80059D2C7 /* KatyHikingTrails */ = {
			isa = PBXNativeTarget;
			buildConfigurationList = 1BAC98E92033E2F80059D2C7 /* Build configuration list for PBXNativeTarget "KatyHikingTrails" */;
			buildPhases = (
				1BAC98BB2033E2F80059D2C7 /* Sources */,
				1BAC98BC2033E2F80059D2C7 /* Frameworks */,
				1BAC98BD2033E2F80059D2C7 /* Resources */,
			);
			buildRules = (
			);
			dependencies = (
			);
			name = KatyHikingTrails;
			productName = KatyHikingTrails;
			productReference = 1BAC98BF2033E2F80059D2C7 /* KatyHikingTrails.app */;
			productType = "com.apple.product-type.application";
		};
		1BAC98D42033E2F80059D2C7 /* KatyHikingTrailsTests */ = {
			isa = PBXNativeTarget;
			buildConfigurationList = 1BAC98EC2033E2F80059D2C7 /* Build configuration list for PBXNativeTarget "KatyHikingTrailsTests" */;
			buildPhases = (
				1BAC98D12033E2F80059D2C7 /* Sources */,
				1BAC98D22033E2F80059D2C7 /* Frameworks */,
				1BAC98D32033E2F80059D2C7 /* Resources */,
			);
			buildRules = (
			);
			dependencies = (
				1BAC98D72033E2F80059D2C7 /* PBXTargetDependency */,
			);
			name = KatyHikingTrailsTests;
			productName = KatyHikingTrailsTests;
			productReference = 1BAC98D52033E2F80059D2C7 /* KatyHikingTrailsTests.xctest */;
			productType = "com.apple.product-type.bundle.unit-test";
		};
		1BAC98DF2033E2F80059D2C7 /* KatyHikingTrailsUITests */ = {
			isa = PBXNativeTarget;
			buildConfigurationList = 1BAC98EF2033E2F80059D2C7 /* Build configuration list for PBXNativeTarget "KatyHikingTrailsUITests" */;
			buildPhases = (
				1BAC98DC2033E2F80059D2C7 /* Sources */,
				1BAC98DD2033E2F80059D2C7 /* Frameworks */,
				1BAC98DE2033E2F80059D2C7 /* Resources */,
			);
			buildRules = (
			);
			dependencies = (
				1BAC98E22033E2F80059D2C7 /* PBXTargetDependency */,
			);
			name = KatyHikingTrailsUITests;
			productName = KatyHikingTrailsUITests;
			productReference = 1BAC98E02033E2F80059D2C7 /* KatyHikingTrailsUITests.xctest */;
			productType = "com.apple.product-type.bundle.ui-testing";
		};
/* End PBXNativeTarget section */

/* Begin PBXProject section */
		1BAC98B72033E2F80059D2C7 /* Project object */ = {
			isa = PBXProject;
			attributes = {
				LastSwiftUpdateCheck = 0920;
				LastUpgradeCheck = 0920;
				ORGANIZATIONNAME = "Nady Analytics, LLC";
				TargetAttributes = {
					1BAC98BE2033E2F80059D2C7 = {
						CreatedOnToolsVersion = 9.2;
						ProvisioningStyle = Automatic;
					};
					1BAC98D42033E2F80059D2C7 = {
						CreatedOnToolsVersion = 9.2;
						ProvisioningStyle = Automatic;
						TestTargetID = 1BAC98BE2033E2F80059D2C7;
					};
					1BAC98DF2033E2F80059D2C7 = {
						CreatedOnToolsVersion = 9.2;
						ProvisioningStyle = Automatic;
						TestTargetID = 1BAC98BE2033E2F80059D2C7;
					};
				};
			};
			buildConfigurationList = 1BAC98BA2033E2F80059D2C7 /* Build configuration list for PBXProject "KatyHikingTrails" */;
			compatibilityVersion = "Xcode 8.0";
			developmentRegion = en;
			hasScannedForEncodings = 0;
			knownRegions = (
				en,
				Base,
			);
			mainGroup = 1BAC98B62033E2F80059D2C7;
			productRefGroup = 1BAC98C02033E2F80059D2C7 /* Products */;
			projectDirPath = "";
			projectRoot = "";
			targets = (
				1BAC98BE2033E2F80059D2C7 /* KatyHikingTrails */,
				1BAC98D42033E2F80059D2C7 /* KatyHikingTrailsTests */,
				1BAC98DF2033E2F80059D2C7 /* KatyHikingTrailsUITests */,
			);
		};
/* End PBXProject section */

/* Begin PBXResourcesBuildPhase section */
		1BAC98BD2033E2F80059D2C7 /* Resources */ = {
			isa = PBXResourcesBuildPhase;
			buildActionMask = 2147483647;
			files = (
				1BAC98CF2033E2F80059D2C7 /* LaunchScreen.storyboard in Resources */,
				1BAC98CC2033E2F80059D2C7 /* Assets.xcassets in Resources */,
				1BAC98CA2033E2F80059D2C7 /* Main.storyboard in Resources */,
			);
			runOnlyForDeploymentPostprocessing = 0;
		};
		1BAC98D32033E2F80059D2C7 /* Resources */ = {
			isa = PBXResourcesBuildPhase;
			buildActionMask = 2147483647;
			files = (
			);
			runOnlyForDeploymentPostprocessing = 0;
		};
		1BAC98DE2033E2F80059D2C7 /* Resources */ = {
			isa = PBXResourcesBuildPhase;
			buildActionMask = 2147483647;
			files = (
			);
			runOnlyForDeploymentPostprocessing = 0;
		};
/* End PBXResourcesBuildPhase section */

/* Begin PBXSourcesBuildPhase section */
		1BAC98BB2033E2F80059D2C7 /* Sources */ = {
			isa = PBXSourcesBuildPhase;
			buildActionMask = 2147483647;
			files = (
				1BAC98C72033E2F80059D2C7 /* AddicksViewController.swift in Sources */,
				1BAC98C32033E2F80059D2C7 /* AppDelegate.swift in Sources */,
				1BAC98FB203713250059D2C7 /* TrailDetailViewController.swift in Sources */,
				1BAC98C52033E2F80059D2C7 /* AllTrailsViewController.swift in Sources */,
				1BAC98F32033EB9D0059D2C7 /* BarkerViewController.swift in Sources */,
				1BAC98F7203511420059D2C7 /* TrailTableViewCell.swift in Sources */,
			);
			runOnlyForDeploymentPostprocessing = 0;
		};
		1BAC98D12033E2F80059D2C7 /* Sources */ = {
			isa = PBXSourcesBuildPhase;
			buildActionMask = 2147483647;
			files = (
				1BAC98FC203713250059D2C7 /* TrailDetailViewController.swift in Sources */,
				1BAC98F8203511420059D2C7 /* TrailTableViewCell.swift in Sources */,
				1BAC98DA2033E2F80059D2C7 /* KatyHikingTrailsTests.swift in Sources */,
				1BAC98F42033EB9D0059D2C7 /* BarkerViewController.swift in Sources */,
			);
			runOnlyForDeploymentPostprocessing = 0;
		};
		1BAC98DC2033E2F80059D2C7 /* Sources */ = {
			isa = PBXSourcesBuildPhase;
			buildActionMask = 2147483647;
			files = (
				1BAC98FD203713250059D2C7 /* TrailDetailViewController.swift in Sources */,
				1BAC98F9203511420059D2C7 /* TrailTableViewCell.swift in Sources */,
				1BAC98E52033E2F80059D2C7 /* KatyHikingTrailsUITests.swift in Sources */,
				1BAC98F52033EB9D0059D2C7 /* BarkerViewController.swift in Sources */,
			);
			runOnlyForDeploymentPostprocessing = 0;
		};
/* End PBXSourcesBuildPhase section */

/* Begin PBXTargetDependency section */
		1BAC98D72033E2F80059D2C7 /* PBXTargetDependency */ = {
			isa = PBXTargetDependency;
			target = 1BAC98BE2033E2F80059D2C7 /* KatyHikingTrails */;
			targetProxy = 1BAC98D62033E2F80059D2C7 /* PBXContainerItemProxy */;
		};
		1BAC98E22033E2F80059D2C7 /* PBXTargetDependency */ = {
			isa = PBXTargetDependency;
			target = 1BAC98BE2033E2F80059D2C7 /* KatyHikingTrails */;
			targetProxy = 1BAC98E12033E2F80059D2C7 /* PBXContainerItemProxy */;
		};
/* End PBXTargetDependency section */

/* Begin PBXVariantGroup section */
		1BAC98C82033E2F80059D2C7 /* Main.storyboard */ = {
			isa = PBXVariantGroup;
			children = (
				1BAC98C92033E2F80059D2C7 /* Base */,
			);
			name = Main.storyboard;
			sourceTree = "<group>";
		};
		1BAC98CD2033E2F80059D2C7 /* LaunchScreen.storyboard */ = {
			isa = PBXVariantGroup;
			children = (
				1BAC98CE2033E2F80059D2C7 /* Base */,
			);
			name = LaunchScreen.storyboard;
			sourceTree = "<group>";
		};
/* End PBXVariantGroup section */

/* Begin XCBuildConfiguration section */
		1BAC98E72033E2F80059D2C7 /* Debug */ = {
			isa = XCBuildConfiguration;
			buildSettings = {
				ALWAYS_SEARCH_USER_PATHS = NO;
				CLANG_ANALYZER_NONNULL = YES;
				CLANG_ANALYZER_NUMBER_OBJECT_CONVERSION = YES_AGGRESSIVE;
				CLANG_CXX_LANGUAGE_STANDARD = "gnu++14";
				CLANG_CXX_LIBRARY = "libc++";
				CLANG_ENABLE_MODULES = YES;
				CLANG_ENABLE_OBJC_ARC = YES;
				CLANG_WARN_BLOCK_CAPTURE_AUTORELEASING = YES;
				CLANG_WARN_BOOL_CONVERSION = YES;
				CLANG_WARN_COMMA = YES;
				CLANG_WARN_CONSTANT_CONVERSION = YES;
				CLANG_WARN_DIRECT_OBJC_ISA_USAGE = YES_ERROR;
				CLANG_WARN_DOCUMENTATION_COMMENTS = YES;
				CLANG_WARN_EMPTY_BODY = YES;
				CLANG_WARN_ENUM_CONVERSION = YES;
				CLANG_WARN_INFINITE_RECURSION = YES;
				CLANG_WARN_INT_CONVERSION = YES;
				CLANG_WARN_NON_LITERAL_NULL_CONVERSION = YES;
				CLANG_WARN_OBJC_LITERAL_CONVERSION = YES;
				CLANG_WARN_OBJC_ROOT_CLASS = YES_ERROR;
				CLANG_WARN_RANGE_LOOP_ANALYSIS = YES;
				CLANG_WARN_STRICT_PROTOTYPES = YES;
				CLANG_WARN_SUSPICIOUS_MOVE = YES;
				CLANG_WARN_UNGUARDED_AVAILABILITY = YES_AGGRESSIVE;
				CLANG_WARN_UNREACHABLE_CODE = YES;
				CLANG_WARN__DUPLICATE_METHOD_MATCH = YES;
				CODE_SIGN_IDENTITY = "iPhone Developer";
				COPY_PHASE_STRIP = NO;
				DEBUG_INFORMATION_FORMAT = dwarf;
				ENABLE_STRICT_OBJC_MSGSEND = YES;
				ENABLE_TESTABILITY = YES;
				GCC_C_LANGUAGE_STANDARD = gnu11;
				GCC_DYNAMIC_NO_PIC = NO;
				GCC_NO_COMMON_BLOCKS = YES;
				GCC_OPTIMIZATION_LEVEL = 0;
				GCC_PREPROCESSOR_DEFINITIONS = (
					"DEBUG=1",
					"$(inherited)",
				);
				GCC_WARN_64_TO_32_BIT_CONVERSION = YES;
				GCC_WARN_ABOUT_RETURN_TYPE = YES_ERROR;
				GCC_WARN_UNDECLARED_SELECTOR = YES;
				GCC_WARN_UNINITIALIZED_AUTOS = YES_AGGRESSIVE;
				GCC_WARN_UNUSED_FUNCTION = YES;
				GCC_WARN_UNUSED_VARIABLE = YES;
				IPHONEOS_DEPLOYMENT_TARGET = 11.2;
				MTL_ENABLE_DEBUG_INFO = YES;
				ONLY_ACTIVE_ARCH = YES;
				SDKROOT = iphoneos;
				SWIFT_ACTIVE_COMPILATION_CONDITIONS = DEBUG;
				SWIFT_OPTIMIZATION_LEVEL = "-Onone";
			};
			name = Debug;
		};
		1BAC98E82033E2F80059D2C7 /* Release */ = {
			isa = XCBuildConfiguration;
			buildSettings = {
				ALWAYS_SEARCH_USER_PATHS = NO;
				CLANG_ANALYZER_NONNULL = YES;
				CLANG_ANALYZER_NUMBER_OBJECT_CONVERSION = YES_AGGRESSIVE;
				CLANG_CXX_LANGUAGE_STANDARD = "gnu++14";
				CLANG_CXX_LIBRARY = "libc++";
				CLANG_ENABLE_MODULES = YES;
				CLANG_ENABLE_OBJC_ARC = YES;
				CLANG_WARN_BLOCK_CAPTURE_AUTORELEASING = YES;
				CLANG_WARN_BOOL_CONVERSION = YES;
				CLANG_WARN_COMMA = YES;
				CLANG_WARN_CONSTANT_CONVERSION = YES;
				CLANG_WARN_DIRECT_OBJC_ISA_USAGE = YES_ERROR;
				CLANG_WARN_DOCUMENTATION_COMMENTS = YES;
				CLANG_WARN_EMPTY_BODY = YES;
				CLANG_WARN_ENUM_CONVERSION = YES;
				CLANG_WARN_INFINITE_RECURSION = YES;
				CLANG_WARN_INT_CONVERSION = YES;
				CLANG_WARN_NON_LITERAL_NULL_CONVERSION = YES;
				CLANG_WARN_OBJC_LITERAL_CONVERSION = YES;
				CLANG_WARN_OBJC_ROOT_CLASS = YES_ERROR;
				CLANG_WARN_RANGE_LOOP_ANALYSIS = YES;
				CLANG_WARN_STRICT_PROTOTYPES = YES;
				CLANG_WARN_SUSPICIOUS_MOVE = YES;
				CLANG_WARN_UNGUARDED_AVAILABILITY = YES_AGGRESSIVE;
				CLANG_WARN_UNREACHABLE_CODE = YES;
				CLANG_WARN__DUPLICATE_METHOD_MATCH = YES;
				CODE_SIGN_IDENTITY = "iPhone Developer";
				COPY_PHASE_STRIP = NO;
				DEBUG_INFORMATION_FORMAT = "dwarf-with-dsym";
				ENABLE_NS_ASSERTIONS = NO;
				ENABLE_STRICT_OBJC_MSGSEND = YES;
				GCC_C_LANGUAGE_STANDARD = gnu11;
				GCC_NO_COMMON_BLOCKS = YES;
				GCC_WARN_64_TO_32_BIT_CONVERSION = YES;
				GCC_WARN_ABOUT_RETURN_TYPE = YES_ERROR;
				GCC_WARN_UNDECLARED_SELECTOR = YES;
				GCC_WARN_UNINITIALIZED_AUTOS = YES_AGGRESSIVE;
				GCC_WARN_UNUSED_FUNCTION = YES;
				GCC_WARN_UNUSED_VARIABLE = YES;
				IPHONEOS_DEPLOYMENT_TARGET = 11.2;
				MTL_ENABLE_DEBUG_INFO = NO;
				SDKROOT = iphoneos;
				SWIFT_OPTIMIZATION_LEVEL = "-Owholemodule";
				VALIDATE_PRODUCT = YES;
			};
			name = Release;
		};
		1BAC98EA2033E2F80059D2C7 /* Debug */ = {
			isa = XCBuildConfiguration;
			buildSettings = {
				ASSETCATALOG_COMPILER_APPICON_NAME = AppIcon;
				CODE_SIGN_STYLE = Automatic;
				DEVELOPMENT_TEAM = FRPZD6LCCE;
				INFOPLIST_FILE = KatyHikingTrails/Info.plist;
				LD_RUNPATH_SEARCH_PATHS = "$(inherited) @executable_path/Frameworks";
				PRODUCT_BUNDLE_IDENTIFIER = "com.Nady-Analytics.KatyHikingTrails";
				PRODUCT_NAME = "$(TARGET_NAME)";
				SWIFT_VERSION = 4.0;
				TARGETED_DEVICE_FAMILY = "1,2";
			};
			name = Debug;
		};
		1BAC98EB2033E2F80059D2C7 /* Release */ = {
			isa = XCBuildConfiguration;
			buildSettings = {
				ASSETCATALOG_COMPILER_APPICON_NAME = AppIcon;
				CODE_SIGN_STYLE = Automatic;
				DEVELOPMENT_TEAM = FRPZD6LCCE;
				INFOPLIST_FILE = KatyHikingTrails/Info.plist;
				LD_RUNPATH_SEARCH_PATHS = "$(inherited) @executable_path/Frameworks";
				PRODUCT_BUNDLE_IDENTIFIER = "com.Nady-Analytics.KatyHikingTrails";
				PRODUCT_NAME = "$(TARGET_NAME)";
				SWIFT_VERSION = 4.0;
				TARGETED_DEVICE_FAMILY = "1,2";
			};
			name = Release;
		};
		1BAC98ED2033E2F80059D2C7 /* Debug */ = {
			isa = XCBuildConfiguration;
			buildSettings = {
				ALWAYS_EMBED_SWIFT_STANDARD_LIBRARIES = YES;
				BUNDLE_LOADER = "$(TEST_HOST)";
				CODE_SIGN_STYLE = Automatic;
				DEVELOPMENT_TEAM = FRPZD6LCCE;
				INFOPLIST_FILE = KatyHikingTrailsTests/Info.plist;
				LD_RUNPATH_SEARCH_PATHS = "$(inherited) @executable_path/Frameworks @loader_path/Frameworks";
				PRODUCT_BUNDLE_IDENTIFIER = "com.Nady-Analytics.KatyHikingTrailsTests";
				PRODUCT_NAME = "$(TARGET_NAME)";
				SWIFT_VERSION = 4.0;
				TARGETED_DEVICE_FAMILY = "1,2";
				TEST_HOST = "$(BUILT_PRODUCTS_DIR)/KatyHikingTrails.app/KatyHikingTrails";
			};
			name = Debug;
		};
		1BAC98EE2033E2F80059D2C7 /* Release */ = {
			isa = XCBuildConfiguration;
			buildSettings = {
				ALWAYS_EMBED_SWIFT_STANDARD_LIBRARIES = YES;
				BUNDLE_LOADER = "$(TEST_HOST)";
				CODE_SIGN_STYLE = Automatic;
				DEVELOPMENT_TEAM = FRPZD6LCCE;
				INFOPLIST_FILE = KatyHikingTrailsTests/Info.plist;
				LD_RUNPATH_SEARCH_PATHS = "$(inherited) @executable_path/Frameworks @loader_path/Frameworks";
				PRODUCT_BUNDLE_IDENTIFIER = "com.Nady-Analytics.KatyHikingTrailsTests";
				PRODUCT_NAME = "$(TARGET_NAME)";
				SWIFT_VERSION = 4.0;
				TARGETED_DEVICE_FAMILY = "1,2";
				TEST_HOST = "$(BUILT_PRODUCTS_DIR)/KatyHikingTrails.app/KatyHikingTrails";
			};
			name = Release;
		};
		1BAC98F02033E2F80059D2C7 /* Debug */ = {
			isa = XCBuildConfiguration;
			buildSettings = {
				ALWAYS_EMBED_SWIFT_STANDARD_LIBRARIES = YES;
				CODE_SIGN_STYLE = Automatic;
				DEVELOPMENT_TEAM = FRPZD6LCCE;
				INFOPLIST_FILE = KatyHikingTrailsUITests/Info.plist;
				LD_RUNPATH_SEARCH_PATHS = "$(inherited) @executable_path/Frameworks @loader_path/Frameworks";
				PRODUCT_BUNDLE_IDENTIFIER = "com.Nady-Analytics.KatyHikingTrailsUITests";
				PRODUCT_NAME = "$(TARGET_NAME)";
				SWIFT_VERSION = 4.0;
				TARGETED_DEVICE_FAMILY = "1,2";
				TEST_TARGET_NAME = KatyHikingTrails;
			};
			name = Debug;
		};
		1BAC98F12033E2F80059D2C7 /* Release */ = {
			isa = XCBuildConfiguration;
			buildSettings = {
				ALWAYS_EMBED_SWIFT_STANDARD_LIBRARIES = YES;
				CODE_SIGN_STYLE = Automatic;
				DEVELOPMENT_TEAM = FRPZD6LCCE;
				INFOPLIST_FILE = KatyHikingTrailsUITests/Info.plist;
				LD_RUNPATH_SEARCH_PATHS = "$(inherited) @executable_path/Frameworks @loader_path/Frameworks";
				PRODUCT_BUNDLE_IDENTIFIER = "com.Nady-Analytics.KatyHikingTrailsUITests";
				PRODUCT_NAME = "$(TARGET_NAME)";
				SWIFT_VERSION = 4.0;
				TARGETED_DEVICE_FAMILY = "1,2";
				TEST_TARGET_NAME = KatyHikingTrails;
			};
			name = Release;
		};
/* End XCBuildConfiguration section */

/* Begin XCConfigurationList section */
		1BAC98BA2033E2F80059D2C7 /* Build configuration list for PBXProject "KatyHikingTrails" */ = {
			isa = XCConfigurationList;
			buildConfigurations = (
				1BAC98E72033E2F80059D2C7 /* Debug */,
				1BAC98E82033E2F80059D2C7 /* Release */,
			);
			defaultConfigurationIsVisible = 0;
			defaultConfigurationName = Release;
		};
		1BAC98E92033E2F80059D2C7 /* Build configuration list for PBXNativeTarget "KatyHikingTrails" */ = {
			isa = XCConfigurationList;
			buildConfigurations = (
				1BAC98EA2033E2F80059D2C7 /* Debug */,
				1BAC98EB2033E2F80059D2C7 /* Release */,
			);
			defaultConfigurationIsVisible = 0;
			defaultConfigurationName = Release;
		};
		1BAC98EC2033E2F80059D2C7 /* Build configuration list for PBXNativeTarget "KatyHikingTrailsTests" */ = {
			isa = XCConfigurationList;
			buildConfigurations = (
				1BAC98ED2033E2F80059D2C7 /* Debug */,
				1BAC98EE2033E2F80059D2C7 /* Release */,
			);
			defaultConfigurationIsVisible = 0;
			defaultConfigurationName = Release;
		};
		1BAC98EF2033E2F80059D2C7 /* Build configuration list for PBXNativeTarget "KatyHikingTrailsUITests" */ = {
			isa = XCConfigurationList;
			buildConfigurations = (
				1BAC98F02033E2F80059D2C7 /* Debug */,
				1BAC98F12033E2F80059D2C7 /* Release */,
			);
			defaultConfigurationIsVisible = 0;
			defaultConfigurationName = Release;
		};
/* End XCConfigurationList section */
	};
	rootObject = 1BAC98B72033E2F80059D2C7 /* Project object */;
}
